
Microsoft Visual Studio Solution File, Format Version 12.00
# Visual Studio Express 2012 for Windows Phone
Project("{FAE04EC0-301F-11D3-BF4B-00C04F79EFBC}") = "Wp7Shared", "..\Wp7Shared\Wp7Shared.csproj", "{C0ABFED3-524B-473B-A9CA-5EE8C6D78884}"
EndProject
Project("{FAE04EC0-301F-11D3-BF4B-00C04F79EFBC}") = "CartoonCommon", "Common\CartoonCommon.csproj", "{59D98D0B-3061-4E7B-AE87-88C421BA8298}"
EndProject
Project("{FAE04EC0-301F-11D3-BF4B-00C04F79EFBC}") = "PeppaPig_it-IT", "PeppaPig_it-IT\PeppaPig_it-IT.csproj", "{FFB89DD7-EC50-4E98-80B2-F7811EB37E42}"
EndProject
Project("{FAE04EC0-301F-11D3-BF4B-00C04F79EFBC}") = "PeppaPig_en-US", "PeppaPig_en-US\PeppaPig_en-US.csproj", "{5B35CAF4-72DE-4C87-ACBE-80527ED0FB3D}"
EndProject
Project("{FAE04EC0-301F-11D3-BF4B-00C04F79EFBC}") = "Banane", "Banane\Banane.csproj", "{209D3970-94D6-45FE-B154-3071515AE541}"
EndProject
Project("{FAE04EC0-301F-11D3-BF4B-00C04F79EFBC}") = "Pingu", "Pingu\Pingu.csproj", "{689C4449-0CCE-4C4B-91EA-9317C1C822D5}"
EndProject
Project("{FAE04EC0-301F-11D3-BF4B-00C04F79EFBC}") = "PeppaPig_es-ES", "PeppaPig_es-ES\PeppaPig_es-ES.csproj", "{D0118FB7-E7CE-482F-B026-019B01809677}"
EndProject
Project("{FAE04EC0-301F-11D3-BF4B-00C04F79EFBC}") = "PeppaPig_pt-BR", "PeppaPig_pt-BR\PeppaPig_pt-BR.csproj", "{68AEF2AA-4CB0-4E6E-A903-05FBC27A0F08}"
EndProject
Project("{FAE04EC0-301F-11D3-BF4B-00C04F79EFBC}") = "PeppaPig_ru", "PeppaPig_ru\PeppaPig_ru.csproj", "{73C0E47B-9722-4238-8E12-6D623FD9CB45}"
EndProject
Project("{FAE04EC0-301F-11D3-BF4B-00C04F79EFBC}") = "Puffi", "Puffi\Puffi.csproj", "{003B6DAB-CB0A-4DAE-80F4-4C7207D4E717}"
EndProject
Project("{FAE04EC0-301F-11D3-BF4B-00C04F79EFBC}") = "MyLittlePony_en", "MyLittlePony_en\MyLittlePony_en.csproj", "{C6A3C019-0914-4B3F-B922-5C62714E87EA}"
EndProject
Project("{FAE04EC0-301F-11D3-BF4B-00C04F79EFBC}") = "CinicoTV", "CinicoTV\CinicoTV.csproj", "{5252DCB1-EDD0-49A9-90F2-137222C87405}"
EndProject
Project("{2150E333-8FDC-42A3-9474-1A3956D46DE8}") = "Solution Items", "Solution Items", "{1FF54CC4-015B-4AD8-A290-FABE9953C318}"
	ProjectSection(SolutionItems) = preProject
		todo.txt = todo.txt
	EndProjectSection
EndProject
Global
	GlobalSection(SolutionConfigurationPlatforms) = preSolution
		Debug|Any CPU = Debug|Any CPU
		DebugNOINTERNET|Any CPU = DebugNOINTERNET|Any CPU
		DebugTRIAL|Any CPU = DebugTRIAL|Any CPU
		Release|Any CPU = Release|Any CPU
		TRIAL|Any CPU = TRIAL|Any CPU
	EndGlobalSection
	GlobalSection(ProjectConfigurationPlatforms) = postSolution
		{C0ABFED3-524B-473B-A9CA-5EE8C6D78884}.Debug|Any CPU.ActiveCfg = Debug|Any CPU
		{C0ABFED3-524B-473B-A9CA-5EE8C6D78884}.Debug|Any CPU.Build.0 = Debug|Any CPU
		{C0ABFED3-524B-473B-A9CA-5EE8C6D78884}.DebugNOINTERNET|Any CPU.ActiveCfg = DebugNOINTERNET|Any CPU
		{C0ABFED3-524B-473B-A9CA-5EE8C6D78884}.DebugNOINTERNET|Any CPU.Build.0 = DebugNOINTERNET|Any CPU
		{C0ABFED3-524B-473B-A9CA-5EE8C6D78884}.DebugTRIAL|Any CPU.ActiveCfg = DebugTRIAL|Any CPU
		{C0ABFED3-524B-473B-A9CA-5EE8C6D78884}.DebugTRIAL|Any CPU.Build.0 = DebugTRIAL|Any CPU
		{C0ABFED3-524B-473B-A9CA-5EE8C6D78884}.Release|Any CPU.ActiveCfg = Release|Any CPU
		{C0ABFED3-524B-473B-A9CA-5EE8C6D78884}.Release|Any CPU.Build.0 = Release|Any CPU
		{C0ABFED3-524B-473B-A9CA-5EE8C6D78884}.TRIAL|Any CPU.ActiveCfg = TRIAL|Any CPU
		{C0ABFED3-524B-473B-A9CA-5EE8C6D78884}.TRIAL|Any CPU.Build.0 = TRIAL|Any CPU
		{59D98D0B-3061-4E7B-AE87-88C421BA8298}.Debug|Any CPU.ActiveCfg = Debug|Any CPU
		{59D98D0B-3061-4E7B-AE87-88C421BA8298}.Debug|Any CPU.Build.0 = Debug|Any CPU
		{59D98D0B-3061-4E7B-AE87-88C421BA8298}.DebugNOINTERNET|Any CPU.ActiveCfg = Debug|Any CPU
		{59D98D0B-3061-4E7B-AE87-88C421BA8298}.DebugNOINTERNET|Any CPU.Build.0 = Debug|Any CPU
		{59D98D0B-3061-4E7B-AE87-88C421BA8298}.DebugTRIAL|Any CPU.ActiveCfg = Debug|Any CPU
		{59D98D0B-3061-4E7B-AE87-88C421BA8298}.DebugTRIAL|Any CPU.Build.0 = Debug|Any CPU
		{59D98D0B-3061-4E7B-AE87-88C421BA8298}.Release|Any CPU.ActiveCfg = Release|Any CPU
		{59D98D0B-3061-4E7B-AE87-88C421BA8298}.Release|Any CPU.Build.0 = Release|Any CPU
		{59D98D0B-3061-4E7B-AE87-88C421BA8298}.Release|Any CPU.Deploy.0 = Release|Any CPU
		{59D98D0B-3061-4E7B-AE87-88C421BA8298}.TRIAL|Any CPU.ActiveCfg = Release|Any CPU
		{59D98D0B-3061-4E7B-AE87-88C421BA8298}.TRIAL|Any CPU.Build.0 = Release|Any CPU
		{FFB89DD7-EC50-4E98-80B2-F7811EB37E42}.Debug|Any CPU.ActiveCfg = Debug|Any CPU
		{FFB89DD7-EC50-4E98-80B2-F7811EB37E42}.Debug|Any CPU.Build.0 = Debug|Any CPU
		{FFB89DD7-EC50-4E98-80B2-F7811EB37E42}.Debug|Any CPU.Deploy.0 = Debug|Any CPU
		{FFB89DD7-EC50-4E98-80B2-F7811EB37E42}.DebugNOINTERNET|Any CPU.ActiveCfg = DebugNOINTERNET|Any CPU
		{FFB89DD7-EC50-4E98-80B2-F7811EB37E42}.DebugTRIAL|Any CPU.ActiveCfg = DebugTRIAL|Any CPU
		{FFB89DD7-EC50-4E98-80B2-F7811EB37E42}.DebugTRIAL|Any CPU.Build.0 = DebugTRIAL|Any CPU
		{FFB89DD7-EC50-4E98-80B2-F7811EB37E42}.DebugTRIAL|Any CPU.Deploy.0 = DebugTRIAL|Any CPU
		{FFB89DD7-EC50-4E98-80B2-F7811EB37E42}.Release|Any CPU.ActiveCfg = Release|Any CPU
		{FFB89DD7-EC50-4E98-80B2-F7811EB37E42}.Release|Any CPU.Build.0 = Release|Any CPU
		{FFB89DD7-EC50-4E98-80B2-F7811EB37E42}.Release|Any CPU.Deploy.0 = Release|Any CPU
		{FFB89DD7-EC50-4E98-80B2-F7811EB37E42}.TRIAL|Any CPU.ActiveCfg = TRIAL|Any CPU
		{FFB89DD7-EC50-4E98-80B2-F7811EB37E42}.TRIAL|Any CPU.Build.0 = TRIAL|Any CPU
		{FFB89DD7-EC50-4E98-80B2-F7811EB37E42}.TRIAL|Any CPU.Deploy.0 = TRIAL|Any CPU
		{5B35CAF4-72DE-4C87-ACBE-80527ED0FB3D}.Debug|Any CPU.ActiveCfg = Debug|Any CPU
		{5B35CAF4-72DE-4C87-ACBE-80527ED0FB3D}.Debug|Any CPU.Build.0 = Debug|Any CPU
		{5B35CAF4-72DE-4C87-ACBE-80527ED0FB3D}.Debug|Any CPU.Deploy.0 = Debug|Any CPU
		{5B35CAF4-72DE-4C87-ACBE-80527ED0FB3D}.DebugNOINTERNET|Any CPU.ActiveCfg = DebugNOINTERNET|Any CPU
		{5B35CAF4-72DE-4C87-ACBE-80527ED0FB3D}.DebugTRIAL|Any CPU.ActiveCfg = DebugTRIAL|Any CPU
		{5B35CAF4-72DE-4C87-ACBE-80527ED0FB3D}.DebugTRIAL|Any CPU.Build.0 = DebugTRIAL|Any CPU
		{5B35CAF4-72DE-4C87-ACBE-80527ED0FB3D}.DebugTRIAL|Any CPU.Deploy.0 = DebugTRIAL|Any CPU
		{5B35CAF4-72DE-4C87-ACBE-80527ED0FB3D}.Release|Any CPU.ActiveCfg = Release|Any CPU
		{5B35CAF4-72DE-4C87-ACBE-80527ED0FB3D}.Release|Any CPU.Build.0 = Release|Any CPU
		{5B35CAF4-72DE-4C87-ACBE-80527ED0FB3D}.Release|Any CPU.Deploy.0 = Release|Any CPU
		{5B35CAF4-72DE-4C87-ACBE-80527ED0FB3D}.TRIAL|Any CPU.ActiveCfg = TRIAL|Any CPU
		{5B35CAF4-72DE-4C87-ACBE-80527ED0FB3D}.TRIAL|Any CPU.Build.0 = TRIAL|Any CPU
		{5B35CAF4-72DE-4C87-ACBE-80527ED0FB3D}.TRIAL|Any CPU.Deploy.0 = TRIAL|Any CPU
		{209D3970-94D6-45FE-B154-3071515AE541}.Debug|Any CPU.ActiveCfg = Debug|Any CPU
		{209D3970-94D6-45FE-B154-3071515AE541}.Debug|Any CPU.Build.0 = Debug|Any CPU
		{209D3970-94D6-45FE-B154-3071515AE541}.Debug|Any CPU.Deploy.0 = Debug|Any CPU
		{209D3970-94D6-45FE-B154-3071515AE541}.DebugNOINTERNET|Any CPU.ActiveCfg = DebugNOINTERNET|Any CPU
		{209D3970-94D6-45FE-B154-3071515AE541}.DebugTRIAL|Any CPU.ActiveCfg = DebugTRIAL|Any CPU
		{209D3970-94D6-45FE-B154-3071515AE541}.DebugTRIAL|Any CPU.Build.0 = DebugTRIAL|Any CPU
		{209D3970-94D6-45FE-B154-3071515AE541}.DebugTRIAL|Any CPU.Deploy.0 = DebugTRIAL|Any CPU
		{209D3970-94D6-45FE-B154-3071515AE541}.Release|Any CPU.ActiveCfg = Release|Any CPU
		{209D3970-94D6-45FE-B154-3071515AE541}.Release|Any CPU.Build.0 = Release|Any CPU
		{209D3970-94D6-45FE-B154-3071515AE541}.Release|Any CPU.Deploy.0 = Release|Any CPU
		{209D3970-94D6-45FE-B154-3071515AE541}.TRIAL|Any CPU.ActiveCfg = TRIAL|Any CPU
		{209D3970-94D6-45FE-B154-3071515AE541}.TRIAL|Any CPU.Build.0 = TRIAL|Any CPU
		{209D3970-94D6-45FE-B154-3071515AE541}.TRIAL|Any CPU.Deploy.0 = TRIAL|Any CPU
		{689C4449-0CCE-4C4B-91EA-9317C1C822D5}.Debug|Any CPU.ActiveCfg = Debug|Any CPU
		{689C4449-0CCE-4C4B-91EA-9317C1C822D5}.Debug|Any CPU.Build.0 = Debug|Any CPU
		{689C4449-0CCE-4C4B-91EA-9317C1C822D5}.Debug|Any CPU.Deploy.0 = Debug|Any CPU
		{689C4449-0CCE-4C4B-91EA-9317C1C822D5}.DebugNOINTERNET|Any CPU.ActiveCfg = DebugNOINTERNET|Any CPU
		{689C4449-0CCE-4C4B-91EA-9317C1C822D5}.DebugNOINTERNET|Any CPU.Build.0 = DebugNOINTERNET|Any CPU
		{689C4449-0CCE-4C4B-91EA-9317C1C822D5}.DebugNOINTERNET|Any CPU.Deploy.0 = DebugNOINTERNET|Any CPU
		{689C4449-0CCE-4C4B-91EA-9317C1C822D5}.DebugTRIAL|Any CPU.ActiveCfg = DebugTRIAL|Any CPU
		{689C4449-0CCE-4C4B-91EA-9317C1C822D5}.DebugTRIAL|Any CPU.Build.0 = DebugTRIAL|Any CPU
		{689C4449-0CCE-4C4B-91EA-9317C1C822D5}.DebugTRIAL|Any CPU.Deploy.0 = DebugTRIAL|Any CPU
		{689C4449-0CCE-4C4B-91EA-9317C1C822D5}.Release|Any CPU.ActiveCfg = Release|Any CPU
		{689C4449-0CCE-4C4B-91EA-9317C1C822D5}.Release|Any CPU.Build.0 = Release|Any CPU
		{689C4449-0CCE-4C4B-91EA-9317C1C822D5}.Release|Any CPU.Deploy.0 = Release|Any CPU
		{689C4449-0CCE-4C4B-91EA-9317C1C822D5}.TRIAL|Any CPU.ActiveCfg = TRIAL|Any CPU
		{689C4449-0CCE-4C4B-91EA-9317C1C822D5}.TRIAL|Any CPU.Build.0 = TRIAL|Any CPU
		{689C4449-0CCE-4C4B-91EA-9317C1C822D5}.TRIAL|Any CPU.Deploy.0 = TRIAL|Any CPU
		{D0118FB7-E7CE-482F-B026-019B01809677}.Debug|Any CPU.ActiveCfg = Debug|Any CPU
		{D0118FB7-E7CE-482F-B026-019B01809677}.Debug|Any CPU.Build.0 = Debug|Any CPU
		{D0118FB7-E7CE-482F-B026-019B01809677}.Debug|Any CPU.Deploy.0 = Debug|Any CPU
		{D0118FB7-E7CE-482F-B026-019B01809677}.DebugNOINTERNET|Any CPU.ActiveCfg = DebugNOINTERNET|Any CPU
		{D0118FB7-E7CE-482F-B026-019B01809677}.DebugNOINTERNET|Any CPU.Build.0 = DebugNOINTERNET|Any CPU
		{D0118FB7-E7CE-482F-B026-019B01809677}.DebugNOINTERNET|Any CPU.Deploy.0 = DebugNOINTERNET|Any CPU
		{D0118FB7-E7CE-482F-B026-019B01809677}.DebugTRIAL|Any CPU.ActiveCfg = DebugTRIAL|Any CPU
		{D0118FB7-E7CE-482F-B026-019B01809677}.DebugTRIAL|Any CPU.Build.0 = DebugTRIAL|Any CPU
		{D0118FB7-E7CE-482F-B026-019B01809677}.DebugTRIAL|Any CPU.Deploy.0 = DebugTRIAL|Any CPU
		{D0118FB7-E7CE-482F-B026-019B01809677}.Release|Any CPU.ActiveCfg = Release|Any CPU
		{D0118FB7-E7CE-482F-B026-019B01809677}.Release|Any CPU.Build.0 = Release|Any CPU
		{D0118FB7-E7CE-482F-B026-019B01809677}.Release|Any CPU.Deploy.0 = Release|Any CPU
		{D0118FB7-E7CE-482F-B026-019B01809677}.TRIAL|Any CPU.ActiveCfg = TRIAL|Any CPU
		{D0118FB7-E7CE-482F-B026-019B01809677}.TRIAL|Any CPU.Build.0 = TRIAL|Any CPU
		{D0118FB7-E7CE-482F-B026-019B01809677}.TRIAL|Any CPU.Deploy.0 = TRIAL|Any CPU
		{68AEF2AA-4CB0-4E6E-A903-05FBC27A0F08}.Debug|Any CPU.ActiveCfg = Debug|Any CPU
		{68AEF2AA-4CB0-4E6E-A903-05FBC27A0F08}.Debug|Any CPU.Build.0 = Debug|Any CPU
		{68AEF2AA-4CB0-4E6E-A903-05FBC27A0F08}.Debug|Any CPU.Deploy.0 = Debug|Any CPU
		{68AEF2AA-4CB0-4E6E-A903-05FBC27A0F08}.DebugNOINTERNET|Any CPU.ActiveCfg = DebugNOINTERNET|Any CPU
		{68AEF2AA-4CB0-4E6E-A903-05FBC27A0F08}.DebugNOINTERNET|Any CPU.Build.0 = DebugNOINTERNET|Any CPU
		{68AEF2AA-4CB0-4E6E-A903-05FBC27A0F08}.DebugNOINTERNET|Any CPU.Deploy.0 = DebugNOINTERNET|Any CPU
		{68AEF2AA-4CB0-4E6E-A903-05FBC27A0F08}.DebugTRIAL|Any CPU.ActiveCfg = DebugTRIAL|Any CPU
		{68AEF2AA-4CB0-4E6E-A903-05FBC27A0F08}.DebugTRIAL|Any CPU.Build.0 = DebugTRIAL|Any CPU
		{68AEF2AA-4CB0-4E6E-A903-05FBC27A0F08}.DebugTRIAL|Any CPU.Deploy.0 = DebugTRIAL|Any CPU
		{68AEF2AA-4CB0-4E6E-A903-05FBC27A0F08}.Release|Any CPU.ActiveCfg = Release|Any CPU
		{68AEF2AA-4CB0-4E6E-A903-05FBC27A0F08}.Release|Any CPU.Build.0 = Release|Any CPU
		{68AEF2AA-4CB0-4E6E-A903-05FBC27A0F08}.Release|Any CPU.Deploy.0 = Release|Any CPU
		{68AEF2AA-4CB0-4E6E-A903-05FBC27A0F08}.TRIAL|Any CPU.ActiveCfg = TRIAL|Any CPU
		{68AEF2AA-4CB0-4E6E-A903-05FBC27A0F08}.TRIAL|Any CPU.Build.0 = TRIAL|Any CPU
		{68AEF2AA-4CB0-4E6E-A903-05FBC27A0F08}.TRIAL|Any CPU.Deploy.0 = TRIAL|Any CPU
		{73C0E47B-9722-4238-8E12-6D623FD9CB45}.Debug|Any CPU.ActiveCfg = Debug|Any CPU
		{73C0E47B-9722-4238-8E12-6D623FD9CB45}.Debug|Any CPU.Build.0 = Debug|Any CPU
		{73C0E47B-9722-4238-8E12-6D623FD9CB45}.Debug|Any CPU.Deploy.0 = Debug|Any CPU
		{73C0E47B-9722-4238-8E12-6D623FD9CB45}.DebugNOINTERNET|Any CPU.ActiveCfg = DebugNOINTERNET|Any CPU
		{73C0E47B-9722-4238-8E12-6D623FD9CB45}.DebugNOINTERNET|Any CPU.Build.0 = DebugNOINTERNET|Any CPU
		{73C0E47B-9722-4238-8E12-6D623FD9CB45}.DebugNOINTERNET|Any CPU.Deploy.0 = DebugNOINTERNET|Any CPU
		{73C0E47B-9722-4238-8E12-6D623FD9CB45}.DebugTRIAL|Any CPU.ActiveCfg = DebugTRIAL|Any CPU
		{73C0E47B-9722-4238-8E12-6D623FD9CB45}.DebugTRIAL|Any CPU.Build.0 = DebugTRIAL|Any CPU
		{73C0E47B-9722-4238-8E12-6D623FD9CB45}.DebugTRIAL|Any CPU.Deploy.0 = DebugTRIAL|Any CPU
		{73C0E47B-9722-4238-8E12-6D623FD9CB45}.Release|Any CPU.ActiveCfg = Release|Any CPU
		{73C0E47B-9722-4238-8E12-6D623FD9CB45}.Release|Any CPU.Build.0 = Release|Any CPU
		{73C0E47B-9722-4238-8E12-6D623FD9CB45}.Release|Any CPU.Deploy.0 = Release|Any CPU
		{73C0E47B-9722-4238-8E12-6D623FD9CB45}.TRIAL|Any CPU.ActiveCfg = TRIAL|Any CPU
		{73C0E47B-9722-4238-8E12-6D623FD9CB45}.TRIAL|Any CPU.Build.0 = TRIAL|Any CPU
		{73C0E47B-9722-4238-8E12-6D623FD9CB45}.TRIAL|Any CPU.Deploy.0 = TRIAL|Any CPU
		{003B6DAB-CB0A-4DAE-80F4-4C7207D4E717}.Debug|Any CPU.ActiveCfg = Debug|Any CPU
		{003B6DAB-CB0A-4DAE-80F4-4C7207D4E717}.Debug|Any CPU.Build.0 = Debug|Any CPU
		{003B6DAB-CB0A-4DAE-80F4-4C7207D4E717}.Debug|Any CPU.Deploy.0 = Debug|Any CPU
		{003B6DAB-CB0A-4DAE-80F4-4C7207D4E717}.DebugNOINTERNET|Any CPU.ActiveCfg = DebugNOINTERNET|Any CPU
		{003B6DAB-CB0A-4DAE-80F4-4C7207D4E717}.DebugNOINTERNET|Any CPU.Build.0 = DebugNOINTERNET|Any CPU
		{003B6DAB-CB0A-4DAE-80F4-4C7207D4E717}.DebugNOINTERNET|Any CPU.Deploy.0 = DebugNOINTERNET|Any CPU
		{003B6DAB-CB0A-4DAE-80F4-4C7207D4E717}.DebugTRIAL|Any CPU.ActiveCfg = DebugTRIAL|Any CPU
		{003B6DAB-CB0A-4DAE-80F4-4C7207D4E717}.DebugTRIAL|Any CPU.Build.0 = DebugTRIAL|Any CPU
		{003B6DAB-CB0A-4DAE-80F4-4C7207D4E717}.DebugTRIAL|Any CPU.Deploy.0 = DebugTRIAL|Any CPU
		{003B6DAB-CB0A-4DAE-80F4-4C7207D4E717}.Release|Any CPU.ActiveCfg = Release|Any CPU
		{003B6DAB-CB0A-4DAE-80F4-4C7207D4E717}.Release|Any CPU.Build.0 = Release|Any CPU
		{003B6DAB-CB0A-4DAE-80F4-4C7207D4E717}.Release|Any CPU.Deploy.0 = Release|Any CPU
		{003B6DAB-CB0A-4DAE-80F4-4C7207D4E717}.TRIAL|Any CPU.ActiveCfg = TRIAL|Any CPU
		{003B6DAB-CB0A-4DAE-80F4-4C7207D4E717}.TRIAL|Any CPU.Build.0 = TRIAL|Any CPU
		{003B6DAB-CB0A-4DAE-80F4-4C7207D4E717}.TRIAL|Any CPU.Deploy.0 = TRIAL|Any CPU
		{C6A3C019-0914-4B3F-B922-5C62714E87EA}.Debug|Any CPU.ActiveCfg = Debug|Any CPU
		{C6A3C019-0914-4B3F-B922-5C62714E87EA}.Debug|Any CPU.Build.0 = Debug|Any CPU
		{C6A3C019-0914-4B3F-B922-5C62714E87EA}.Debug|Any CPU.Deploy.0 = Debug|Any CPU
		{C6A3C019-0914-4B3F-B922-5C62714E87EA}.DebugNOINTERNET|Any CPU.ActiveCfg = DebugNOINTERNET|Any CPU
		{C6A3C019-0914-4B3F-B922-5C62714E87EA}.DebugNOINTERNET|Any CPU.Build.0 = DebugNOINTERNET|Any CPU
		{C6A3C019-0914-4B3F-B922-5C62714E87EA}.DebugNOINTERNET|Any CPU.Deploy.0 = DebugNOINTERNET|Any CPU
		{C6A3C019-0914-4B3F-B922-5C62714E87EA}.DebugTRIAL|Any CPU.ActiveCfg = DebugTRIAL|Any CPU
		{C6A3C019-0914-4B3F-B922-5C62714E87EA}.DebugTRIAL|Any CPU.Build.0 = DebugTRIAL|Any CPU
		{C6A3C019-0914-4B3F-B922-5C62714E87EA}.DebugTRIAL|Any CPU.Deploy.0 = DebugTRIAL|Any CPU
		{C6A3C019-0914-4B3F-B922-5C62714E87EA}.Release|Any CPU.ActiveCfg = Release|Any CPU
		{C6A3C019-0914-4B3F-B922-5C62714E87EA}.Release|Any CPU.Build.0 = Release|Any CPU
		{C6A3C019-0914-4B3F-B922-5C62714E87EA}.Release|Any CPU.Deploy.0 = Release|Any CPU
		{C6A3C019-0914-4B3F-B922-5C62714E87EA}.TRIAL|Any CPU.ActiveCfg = TRIAL|Any CPU
		{C6A3C019-0914-4B3F-B922-5C62714E87EA}.TRIAL|Any CPU.Build.0 = TRIAL|Any CPU
		{C6A3C019-0914-4B3F-B922-5C62714E87EA}.TRIAL|Any CPU.Deploy.0 = TRIAL|Any CPU
		{5252DCB1-EDD0-49A9-90F2-137222C87405}.Debug|Any CPU.ActiveCfg = Debug|Any CPU
		{5252DCB1-EDD0-49A9-90F2-137222C87405}.Debug|Any CPU.Build.0 = Debug|Any CPU
		{5252DCB1-EDD0-49A9-90F2-137222C87405}.Debug|Any CPU.Deploy.0 = Debug|Any CPU
		{5252DCB1-EDD0-49A9-90F2-137222C87405}.DebugNOINTERNET|Any CPU.ActiveCfg = DebugNOINTERNET|Any CPU
		{5252DCB1-EDD0-49A9-90F2-137222C87405}.DebugNOINTERNET|Any CPU.Build.0 = DebugNOINTERNET|Any CPU
		{5252DCB1-EDD0-49A9-90F2-137222C87405}.DebugNOINTERNET|Any CPU.Deploy.0 = DebugNOINTERNET|Any CPU
		{5252DCB1-EDD0-49A9-90F2-137222C87405}.DebugTRIAL|Any CPU.ActiveCfg = DebugTRIAL|Any CPU
		{5252DCB1-EDD0-49A9-90F2-137222C87405}.DebugTRIAL|Any CPU.Build.0 = DebugTRIAL|Any CPU
		{5252DCB1-EDD0-49A9-90F2-137222C87405}.DebugTRIAL|Any CPU.Deploy.0 = DebugTRIAL|Any CPU
		{5252DCB1-EDD0-49A9-90F2-137222C87405}.Release|Any CPU.ActiveCfg = Release|Any CPU
		{5252DCB1-EDD0-49A9-90F2-137222C87405}.Release|Any CPU.Build.0 = Release|Any CPU
		{5252DCB1-EDD0-49A9-90F2-137222C87405}.Release|Any CPU.Deploy.0 = Release|Any CPU
		{5252DCB1-EDD0-49A9-90F2-137222C87405}.TRIAL|Any CPU.ActiveCfg = TRIAL|Any CPU
		{5252DCB1-EDD0-49A9-90F2-137222C87405}.TRIAL|Any CPU.Build.0 = TRIAL|Any CPU
		{5252DCB1-EDD0-49A9-90F2-137222C87405}.TRIAL|Any CPU.Deploy.0 = TRIAL|Any CPU
	EndGlobalSection
	GlobalSection(SolutionProperties) = preSolution
		HideSolutionNode = FALSE
	EndGlobalSection
EndGlobal
